{
  "requires": true,
  "lockfileVersion": 1,
  "dependencies": {
    "@aspnet/signalr-client": {
      "version": "1.0.0-alpha2-final",
      "resolved": "https://artifactory.rm.digikey.us:443/api/npm/npm-all/@aspnet/signalr-client/-/signalr-client-1.0.0-alpha2-final.tgz",
      "integrity": "sha1-a899AQKHXfiqbwOhB0h8k/Tx/rQ=",
      "requires": {
        "msgpack5": "3.6.0"
      }
    },
    "bl": {
      "version": "1.2.1",
      "resolved": "https://artifactory.rm.digikey.us:443/api/npm/npm-all/bl/-/bl-1.2.1.tgz",
      "integrity": "sha1-ysMo977kVzDUBLaSID/LWQ4XLV4=",
      "requires": {
        "readable-stream": "2.3.4"
      }
    },
    "core-util-is": {
      "version": "1.0.2",
      "resolved": "https://artifactory.rm.digikey.us:443/api/npm/npm-all/core-util-is/-/core-util-is-1.0.2.tgz",
      "integrity": "sha1-tf1UIgqivFq1eqtxQMlAdUUDwac="
    },
    "inherits": {
      "version": "2.0.3",
      "resolved": "https://artifactory.rm.digikey.us:443/api/npm/npm-all/inherits/-/inherits-2.0.3.tgz",
      "integrity": "sha1-Yzwsg+PaQqUC9SRmAiSA9CCCYd4="
    },
    "isarray": {
      "version": "1.0.0",
      "resolved": "https://artifactory.rm.digikey.us:443/api/npm/npm-all/isarray/-/isarray-1.0.0.tgz",
      "integrity": "sha1-u5NdSFgsuhaMBoNJV6VKPgcSTxE="
    },
    "msgpack5": {
      "version": "3.6.0",
      "resolved": "https://artifactory.rm.digikey.us:443/api/npm/npm-all/msgpack5/-/msgpack5-3.6.0.tgz",
      "integrity": "sha1-E5Eu5HywrQN/cN73kk6/OK+hm08=",
      "requires": {
        "bl": "1.2.1",
        "inherits": "2.0.3",
        "readable-stream": "2.3.4",
        "safe-buffer": "5.1.1"
      }
    },
    "process-nextick-args": {
      "version": "2.0.0",
      "resolved": "https://artifactory.rm.digikey.us:443/api/npm/npm-all/process-nextick-args/-/process-nextick-args-2.0.0.tgz",
      "integrity": "sha1-o31zL0JxtKsa0HDTVQjoKQeI/6o="
    },
    "readable-stream": {
      "version": "2.3.4",
      "resolved": "https://artifactory.rm.digikey.us:443/api/npm/npm-all/readable-stream/-/readable-stream-2.3.4.tgz",
      "integrity": "sha1-yUbD9H+n2Oq8C2FQ9KEvaaRXQHE=",
      "requires": {
        "core-util-is": "1.0.2",
        "inherits": "2.0.3",
        "isarray": "1.0.0",
        "process-nextick-args": "2.0.0",
        "safe-buffer": "5.1.1",
        "string_decoder": "1.0.3",
        "util-deprecate": "1.0.2"
      }
    },
    "safe-buffer": {
      "version": "5.1.1",
      "resolved": "https://artifactory.rm.digikey.us:443/api/npm/npm-all/safe-buffer/-/safe-buffer-5.1.1.tgz",
      "integrity": "sha1-iTMSr2myEj3vcfV4iQAWce6yyFM="
    },
    "string_decoder": {
      "version": "1.0.3",
      "resolved": "https://artifactory.rm.digikey.us:443/api/npm/npm-all/string_decoder/-/string_decoder-1.0.3.tgz",
      "integrity": "sha1-D8Z9fBQYJd6UKC3VNr7GubzoYKs=",
      "requires": {
        "safe-buffer": "5.1.1"
      }
    },
    "util-deprecate": {
      "version": "1.0.2",
      "resolved": "https://artifactory.rm.digikey.us:443/api/npm/npm-all/util-deprecate/-/util-deprecate-1.0.2.tgz",
      "integrity": "sha1-RQ1Nyfpw3nMnYvvS1KKJgUGaDM8="
    }
  }
}
